{
  "name": "Voronoi-Algorithms",
  "lockfileVersion": 3,
  "requires": true,
  "packages": {
    "": {
      "dependencies": {
        "voronoi": "^1.0.0"
      }
    },
    "node_modules/voronoi": {
      "version": "1.0.0",
      "resolved": "https://registry.npmjs.org/voronoi/-/voronoi-1.0.0.tgz",
      "integrity": "sha512-fukJpK8gyTJRJx0yLvtEE9h4B0VxUNZ4OpRimIjYmHd+YTiMTE2IiKYaXADNrviMkNgkEHghQ7OtMBDP+X64ng==",
      "license": "MIT"
    }
  }
}
